
Microsoft Visual Studio Solution File, Format Version 12.00
# Visual Studio 2012
Project("{FAE04EC0-301F-11D3-BF4B-00C04F79EFBC}") = "Schedule4Net", "Schedule4Net\Schedule4Net.csproj", "{D96EC610-C70A-4985-B966-04F0F2EF5B63}"
EndProject
Project("{FAE04EC0-301F-11D3-BF4B-00C04F79EFBC}") = "Schedule4NetTest", "Schedule4NetTest\Schedule4NetTest.csproj", "{7B84D3BD-279A-4E73-88B1-44B3E5DFD37B}"
EndProject
Project("{FAE04EC0-301F-11D3-BF4B-00C04F79EFBC}") = "ScheduleViewer", "ScheduleViewer\ScheduleViewer.csproj", "{A98D6E01-EA69-48A1-BD2F-EE063BBC8ADC}"
EndProject
Global
	GlobalSection(SolutionConfigurationPlatforms) = preSolution
		Debug|Any CPU = Debug|Any CPU
		Release|Any CPU = Release|Any CPU
	EndGlobalSection
	GlobalSection(ProjectConfigurationPlatforms) = postSolution
		{D96EC610-C70A-4985-B966-04F0F2EF5B63}.Debug|Any CPU.ActiveCfg = Debug|Any CPU
		{D96EC610-C70A-4985-B966-04F0F2EF5B63}.Debug|Any CPU.Build.0 = Debug|Any CPU
		{D96EC610-C70A-4985-B966-04F0F2EF5B63}.Release|Any CPU.ActiveCfg = Release|Any CPU
		{D96EC610-C70A-4985-B966-04F0F2EF5B63}.Release|Any CPU.Build.0 = Release|Any CPU
		{7B84D3BD-279A-4E73-88B1-44B3E5DFD37B}.Debug|Any CPU.ActiveCfg = Debug|Any CPU
		{7B84D3BD-279A-4E73-88B1-44B3E5DFD37B}.Debug|Any CPU.Build.0 = Debug|Any CPU
		{7B84D3BD-279A-4E73-88B1-44B3E5DFD37B}.Release|Any CPU.ActiveCfg = Release|Any CPU
		{7B84D3BD-279A-4E73-88B1-44B3E5DFD37B}.Release|Any CPU.Build.0 = Release|Any CPU
		{A98D6E01-EA69-48A1-BD2F-EE063BBC8ADC}.Debug|Any CPU.ActiveCfg = Debug|Any CPU
		{A98D6E01-EA69-48A1-BD2F-EE063BBC8ADC}.Debug|Any CPU.Build.0 = Debug|Any CPU
		{A98D6E01-EA69-48A1-BD2F-EE063BBC8ADC}.Release|Any CPU.ActiveCfg = Release|Any CPU
		{A98D6E01-EA69-48A1-BD2F-EE063BBC8ADC}.Release|Any CPU.Build.0 = Release|Any CPU
	EndGlobalSection
	GlobalSection(SolutionProperties) = preSolution
		HideSolutionNode = FALSE
	EndGlobalSection
EndGlobal
